
Microsoft Visual Studio Solution File, Format Version 12.00
# Visual Studio Version 17
VisualStudioVersion = 17.11.35208.52
MinimumVisualStudioVersion = 10.0.40219.1
Project("{FAE04EC0-301F-11D3-BF4B-00C04F79EFBC}") = "CadastroDeAlunos2.0", "CadastroDeAlunos2.0\CadastroDeAlunos2.0.csproj", "{67BE9A05-2BA3-4A80-BAF9-4E2A269965B1}"
EndProject
Global
	GlobalSection(SolutionConfigurationPlatforms) = preSolution
		Debug|Any CPU = Debug|Any CPU
		Release|Any CPU = Release|Any CPU
	EndGlobalSection
	GlobalSection(ProjectConfigurationPlatforms) = postSolution
		{67BE9A05-2BA3-4A80-BAF9-4E2A269965B1}.Debug|Any CPU.ActiveCfg = Debug|Any CPU
		{67BE9A05-2BA3-4A80-BAF9-4E2A269965B1}.Debug|Any CPU.Build.0 = Debug|Any CPU
		{67BE9A05-2BA3-4A80-BAF9-4E2A269965B1}.Release|Any CPU.ActiveCfg = Release|Any CPU
		{67BE9A05-2BA3-4A80-BAF9-4E2A269965B1}.Release|Any CPU.Build.0 = Release|Any CPU
	EndGlobalSection
	GlobalSection(SolutionProperties) = preSolution
		HideSolutionNode = FALSE
	EndGlobalSection
	GlobalSection(ExtensibilityGlobals) = postSolution
		SolutionGuid = {CAE2AE04-94F1-4FA9-BC48-D31756DD7F6D}
	EndGlobalSection
EndGlobal
