
Microsoft Visual Studio Solution File, Format Version 12.00
# Visual Studio Version 17
VisualStudioVersion = 17.11.35208.52
MinimumVisualStudioVersion = 10.0.40219.1
Project("{9A19103F-16F7-4668-BE54-9A1E7A4F7556}") = "SistemaPessoal", "SistemaPessoal.csproj", "{998653F9-67FB-4F0C-952D-30497CA67BDA}"
EndProject
Global
	GlobalSection(SolutionConfigurationPlatforms) = preSolution
		Debug|Any CPU = Debug|Any CPU
		Release|Any CPU = Release|Any CPU
	EndGlobalSection
	GlobalSection(ProjectConfigurationPlatforms) = postSolution
		{998653F9-67FB-4F0C-952D-30497CA67BDA}.Debug|Any CPU.ActiveCfg = Debug|Any CPU
		{998653F9-67FB-4F0C-952D-30497CA67BDA}.Debug|Any CPU.Build.0 = Debug|Any CPU
		{998653F9-67FB-4F0C-952D-30497CA67BDA}.Release|Any CPU.ActiveCfg = Release|Any CPU
		{998653F9-67FB-4F0C-952D-30497CA67BDA}.Release|Any CPU.Build.0 = Release|Any CPU
	EndGlobalSection
	GlobalSection(SolutionProperties) = preSolution
		HideSolutionNode = FALSE
	EndGlobalSection
	GlobalSection(ExtensibilityGlobals) = postSolution
		SolutionGuid = {3F98FD61-72D8-4C98-AAB6-04F33D59A6E6}
	EndGlobalSection
EndGlobal
